
Microsoft Visual Studio Solution File, Format Version 12.00
# Visual Studio Version 17
VisualStudioVersion = 17.10.35004.147
MinimumVisualStudioVersion = 10.0.40219.1
Project("{FAE04EC0-301F-11D3-BF4B-00C04F79EFBC}") = "PawMates.API", "PawMates.API\PawMates.API.csproj", "{01C3E822-93B5-43C2-8BA4-8431F63F2800}"
EndProject
Project("{FAE04EC0-301F-11D3-BF4B-00C04F79EFBC}") = "PawMates.Core", "PawMates.Core\PawMates.Core.csproj", "{3EEB8991-F540-4E14-A383-6EB4758A0D52}"
EndProject
Global
	GlobalSection(SolutionConfigurationPlatforms) = preSolution
		Debug|Any CPU = Debug|Any CPU
		Release|Any CPU = Release|Any CPU
	EndGlobalSection
	GlobalSection(ProjectConfigurationPlatforms) = postSolution
		{01C3E822-93B5-43C2-8BA4-8431F63F2800}.Debug|Any CPU.ActiveCfg = Debug|Any CPU
		{01C3E822-93B5-43C2-8BA4-8431F63F2800}.Debug|Any CPU.Build.0 = Debug|Any CPU
		{01C3E822-93B5-43C2-8BA4-8431F63F2800}.Release|Any CPU.ActiveCfg = Release|Any CPU
		{01C3E822-93B5-43C2-8BA4-8431F63F2800}.Release|Any CPU.Build.0 = Release|Any CPU
		{3EEB8991-F540-4E14-A383-6EB4758A0D52}.Debug|Any CPU.ActiveCfg = Debug|Any CPU
		{3EEB8991-F540-4E14-A383-6EB4758A0D52}.Debug|Any CPU.Build.0 = Debug|Any CPU
		{3EEB8991-F540-4E14-A383-6EB4758A0D52}.Release|Any CPU.ActiveCfg = Release|Any CPU
		{3EEB8991-F540-4E14-A383-6EB4758A0D52}.Release|Any CPU.Build.0 = Release|Any CPU
	EndGlobalSection
	GlobalSection(SolutionProperties) = preSolution
		HideSolutionNode = FALSE
	EndGlobalSection
	GlobalSection(ExtensibilityGlobals) = postSolution
		SolutionGuid = {1DEDD4A8-0103-4593-9E35-7F358F42DB0B}
	EndGlobalSection
EndGlobal
